
Microsoft Visual Studio Solution File, Format Version 12.00
# Visual Studio Version 16
VisualStudioVersion = 16.0.30717.126
MinimumVisualStudioVersion = 10.0.40219.1
Project("{FAE04EC0-301F-11D3-BF4B-00C04F79EFBC}") = "BookingApi", "BookingApi\BookingApi.csproj", "{FEB8E286-8894-4732-BC9A-67ADCD28098A}"
EndProject
Global
	GlobalSection(SolutionConfigurationPlatforms) = preSolution
		Debug|Any CPU = Debug|Any CPU
		Release|Any CPU = Release|Any CPU
	EndGlobalSection
	GlobalSection(ProjectConfigurationPlatforms) = postSolution
		{FEB8E286-8894-4732-BC9A-67ADCD28098A}.Debug|Any CPU.ActiveCfg = Debug|Any CPU
		{FEB8E286-8894-4732-BC9A-67ADCD28098A}.Debug|Any CPU.Build.0 = Debug|Any CPU
		{FEB8E286-8894-4732-BC9A-67ADCD28098A}.Release|Any CPU.ActiveCfg = Release|Any CPU
		{FEB8E286-8894-4732-BC9A-67ADCD28098A}.Release|Any CPU.Build.0 = Release|Any CPU
	EndGlobalSection
	GlobalSection(SolutionProperties) = preSolution
		HideSolutionNode = FALSE
	EndGlobalSection
	GlobalSection(ExtensibilityGlobals) = postSolution
		SolutionGuid = {CFBEAA96-E043-49A4-88DF-958109C2A38D}
	EndGlobalSection
EndGlobal
